
Microsoft Visual Studio Solution File, Format Version 12.00
# Visual Studio 15
VisualStudioVersion = 15.0.28307.1082
MinimumVisualStudioVersion = 10.0.40219.1
Project("{FAE04EC0-301F-11D3-BF4B-00C04F79EFBC}") = "Unflixx", "Unflixx\Unflixx.csproj", "{B554AF50-6144-4E8B-AD69-1E4E8DA3CAF7}"
EndProject
Global
	GlobalSection(SolutionConfigurationPlatforms) = preSolution
		Debug|Any CPU = Debug|Any CPU
		Release|Any CPU = Release|Any CPU
		Testing|Any CPU = Testing|Any CPU
	EndGlobalSection
	GlobalSection(ProjectConfigurationPlatforms) = postSolution
		{B554AF50-6144-4E8B-AD69-1E4E8DA3CAF7}.Debug|Any CPU.ActiveCfg = Debug|Any CPU
		{B554AF50-6144-4E8B-AD69-1E4E8DA3CAF7}.Debug|Any CPU.Build.0 = Debug|Any CPU
		{B554AF50-6144-4E8B-AD69-1E4E8DA3CAF7}.Release|Any CPU.ActiveCfg = Release|Any CPU
		{B554AF50-6144-4E8B-AD69-1E4E8DA3CAF7}.Release|Any CPU.Build.0 = Release|Any CPU
		{B554AF50-6144-4E8B-AD69-1E4E8DA3CAF7}.Testing|Any CPU.ActiveCfg = Testing|Any CPU
		{B554AF50-6144-4E8B-AD69-1E4E8DA3CAF7}.Testing|Any CPU.Build.0 = Testing|Any CPU
	EndGlobalSection
	GlobalSection(SolutionProperties) = preSolution
		HideSolutionNode = FALSE
	EndGlobalSection
	GlobalSection(ExtensibilityGlobals) = postSolution
		SolutionGuid = {8B140882-0D5D-4EFD-8269-43A4C87E0C92}
	EndGlobalSection
EndGlobal
